
Microsoft Visual Studio Solution File, Format Version 12.00
# Visual Studio Version 16
VisualStudioVersion = 16.0.32106.194
MinimumVisualStudioVersion = 10.0.40219.1
Project("{9A19103F-16F7-4668-BE54-9A1E7A4F7556}") = "IntroductionToCsharp", "IntroductionToCsharp\IntroductionToCsharp.csproj", "{2C1E5E8A-7389-44AB-9181-448EDB7627BD}"
EndProject
Project("{9A19103F-16F7-4668-BE54-9A1E7A4F7556}") = "ConditionOperationDemo", "ConditionOperationDemo\ConditionOperationDemo.csproj", "{F1FEDB9C-F47C-4BA8-AA77-C9134FB4A78A}"
EndProject
Project("{9A19103F-16F7-4668-BE54-9A1E7A4F7556}") = "ClassDemo", "ClassDemo\ClassDemo.csproj", "{23C59746-A67C-43DE-AA09-E0309140DBB5}"
EndProject
Project("{9A19103F-16F7-4668-BE54-9A1E7A4F7556}") = "StaticAndInstanceDemo", "StaticAndInstanceDemo\StaticAndInstanceDemo.csproj", "{A17380DF-8E8B-452E-B07A-FBF121341424}"
EndProject
Project("{9A19103F-16F7-4668-BE54-9A1E7A4F7556}") = "InheritanceDemo", "InheritanceDemo\InheritanceDemo.csproj", "{45EE0B18-794C-4F92-A234-8AD28A27398C}"
EndProject
Project("{9A19103F-16F7-4668-BE54-9A1E7A4F7556}") = "InhertinaceDemo2", "InhertinaceDemo2\InhertinaceDemo2.csproj", "{9DC9B8E5-D457-4700-85DF-4851DD677D33}"
EndProject
Project("{9A19103F-16F7-4668-BE54-9A1E7A4F7556}") = "ExceptionHandlingDemo", "ExceptionHandlingDemo\ExceptionHandlingDemo.csproj", "{E1FE7916-9E08-4615-A690-88E54E7A2C6F}"
EndProject
Project("{9A19103F-16F7-4668-BE54-9A1E7A4F7556}") = "PropertiesDemo", "PropertiesDemo\PropertiesDemo.csproj", "{E3907523-329B-4E88-951C-5D8C4D618AE3}"
EndProject
Project("{9A19103F-16F7-4668-BE54-9A1E7A4F7556}") = "InterfaceDemo", "InterfaceDemo\InterfaceDemo.csproj", "{5BD5BCCD-7812-47FB-860E-0D3FCD6056F7}"
EndProject
Project("{9A19103F-16F7-4668-BE54-9A1E7A4F7556}") = "InterfaceRealUsageDemo", "InterfaceRealUsageDemo\InterfaceRealUsageDemo.csproj", "{E660455D-1882-4B38-89B0-149D2889FFEF}"
EndProject
Project("{9A19103F-16F7-4668-BE54-9A1E7A4F7556}") = "AccessModifierDemo", "AccessModifierDemo\AccessModifierDemo.csproj", "{305A9751-03F2-4381-B2EB-8D3608378A53}"
EndProject
Project("{9A19103F-16F7-4668-BE54-9A1E7A4F7556}") = "InternalModifierClassLibrary", "InternalModifierClassLibrary\InternalModifierClassLibrary.csproj", "{636A02E3-166A-4EE5-B2FE-98E2E68050AD}"
EndProject
Project("{FAE04EC0-301F-11D3-BF4B-00C04F79EFBC}") = "IntParseDemo", "IntParseDemo\IntParseDemo.csproj", "{812801BB-DC8B-4499-9FCA-DCC2CACE319C}"
EndProject
Project("{FAE04EC0-301F-11D3-BF4B-00C04F79EFBC}") = "DelegatesDemo", "DelegatesDemo\DelegatesDemo.csproj", "{E9201B19-EF71-43D3-83D5-95EB9FB09CEF}"
EndProject
Project("{FAE04EC0-301F-11D3-BF4B-00C04F79EFBC}") = "DelegateExample", "DelegateExample\DelegateExample.csproj", "{C8390F37-0313-4DAF-A3C1-2626FC9F7683}"
EndProject
Project("{FAE04EC0-301F-11D3-BF4B-00C04F79EFBC}") = "DelegateActionFuncPredicateDemo", "DelegateActionFuncPredicateDemo\DelegateActionFuncPredicateDemo.csproj", "{F14DB68F-BA70-4AAA-9C3F-F4C47C89C88D}"
EndProject
Project("{FAE04EC0-301F-11D3-BF4B-00C04F79EFBC}") = "GenericsDemo", "GenericsDemo\GenericsDemo.csproj", "{B73811FD-DB03-45A9-9916-82D7C4585692}"
EndProject
Project("{FAE04EC0-301F-11D3-BF4B-00C04F79EFBC}") = "GenericsDemo2", "GenericsDemo2\GenericsDemo2.csproj", "{73B6561A-4ECE-4CD2-AC92-FD747A69E076}"
EndProject
Project("{FAE04EC0-301F-11D3-BF4B-00C04F79EFBC}") = "ListCollectionDemo", "ListCollectionDemo\ListCollectionDemo.csproj", "{ED4EAEC6-C84A-46BA-87CA-5C0BC0BCF634}"
EndProject
Project("{FAE04EC0-301F-11D3-BF4B-00C04F79EFBC}") = "ListCollectionDemo2", "ListCollectionDemo2\ListCollectionDemo2.csproj", "{FE51C42E-8698-4EA3-B522-5E959A17BCF1}"
EndProject
Project("{FAE04EC0-301F-11D3-BF4B-00C04F79EFBC}") = "DictionaryDemo", "DictionaryDemo\DictionaryDemo.csproj", "{3EA200CC-4E50-43D8-8691-F2F0BD4C6D11}"
EndProject
Project("{FAE04EC0-301F-11D3-BF4B-00C04F79EFBC}") = "StackAndQueueDemo", "StackAndQueueDemo\StackAndQueueDemo.csproj", "{6DC6F485-FB38-4DCC-A600-ACED6F6D715D}"
EndProject
Global
	GlobalSection(SolutionConfigurationPlatforms) = preSolution
		Debug|Any CPU = Debug|Any CPU
		Release|Any CPU = Release|Any CPU
	EndGlobalSection
	GlobalSection(ProjectConfigurationPlatforms) = postSolution
		{2C1E5E8A-7389-44AB-9181-448EDB7627BD}.Debug|Any CPU.ActiveCfg = Debug|Any CPU
		{2C1E5E8A-7389-44AB-9181-448EDB7627BD}.Debug|Any CPU.Build.0 = Debug|Any CPU
		{2C1E5E8A-7389-44AB-9181-448EDB7627BD}.Release|Any CPU.ActiveCfg = Release|Any CPU
		{2C1E5E8A-7389-44AB-9181-448EDB7627BD}.Release|Any CPU.Build.0 = Release|Any CPU
		{F1FEDB9C-F47C-4BA8-AA77-C9134FB4A78A}.Debug|Any CPU.ActiveCfg = Debug|Any CPU
		{F1FEDB9C-F47C-4BA8-AA77-C9134FB4A78A}.Debug|Any CPU.Build.0 = Debug|Any CPU
		{F1FEDB9C-F47C-4BA8-AA77-C9134FB4A78A}.Release|Any CPU.ActiveCfg = Release|Any CPU
		{F1FEDB9C-F47C-4BA8-AA77-C9134FB4A78A}.Release|Any CPU.Build.0 = Release|Any CPU
		{23C59746-A67C-43DE-AA09-E0309140DBB5}.Debug|Any CPU.ActiveCfg = Debug|Any CPU
		{23C59746-A67C-43DE-AA09-E0309140DBB5}.Debug|Any CPU.Build.0 = Debug|Any CPU
		{23C59746-A67C-43DE-AA09-E0309140DBB5}.Release|Any CPU.ActiveCfg = Release|Any CPU
		{23C59746-A67C-43DE-AA09-E0309140DBB5}.Release|Any CPU.Build.0 = Release|Any CPU
		{A17380DF-8E8B-452E-B07A-FBF121341424}.Debug|Any CPU.ActiveCfg = Debug|Any CPU
		{A17380DF-8E8B-452E-B07A-FBF121341424}.Debug|Any CPU.Build.0 = Debug|Any CPU
		{A17380DF-8E8B-452E-B07A-FBF121341424}.Release|Any CPU.ActiveCfg = Release|Any CPU
		{A17380DF-8E8B-452E-B07A-FBF121341424}.Release|Any CPU.Build.0 = Release|Any CPU
		{45EE0B18-794C-4F92-A234-8AD28A27398C}.Debug|Any CPU.ActiveCfg = Debug|Any CPU
		{45EE0B18-794C-4F92-A234-8AD28A27398C}.Debug|Any CPU.Build.0 = Debug|Any CPU
		{45EE0B18-794C-4F92-A234-8AD28A27398C}.Release|Any CPU.ActiveCfg = Release|Any CPU
		{45EE0B18-794C-4F92-A234-8AD28A27398C}.Release|Any CPU.Build.0 = Release|Any CPU
		{9DC9B8E5-D457-4700-85DF-4851DD677D33}.Debug|Any CPU.ActiveCfg = Debug|Any CPU
		{9DC9B8E5-D457-4700-85DF-4851DD677D33}.Debug|Any CPU.Build.0 = Debug|Any CPU
		{9DC9B8E5-D457-4700-85DF-4851DD677D33}.Release|Any CPU.ActiveCfg = Release|Any CPU
		{9DC9B8E5-D457-4700-85DF-4851DD677D33}.Release|Any CPU.Build.0 = Release|Any CPU
		{E1FE7916-9E08-4615-A690-88E54E7A2C6F}.Debug|Any CPU.ActiveCfg = Debug|Any CPU
		{E1FE7916-9E08-4615-A690-88E54E7A2C6F}.Debug|Any CPU.Build.0 = Debug|Any CPU
		{E1FE7916-9E08-4615-A690-88E54E7A2C6F}.Release|Any CPU.ActiveCfg = Release|Any CPU
		{E1FE7916-9E08-4615-A690-88E54E7A2C6F}.Release|Any CPU.Build.0 = Release|Any CPU
		{E3907523-329B-4E88-951C-5D8C4D618AE3}.Debug|Any CPU.ActiveCfg = Debug|Any CPU
		{E3907523-329B-4E88-951C-5D8C4D618AE3}.Debug|Any CPU.Build.0 = Debug|Any CPU
		{E3907523-329B-4E88-951C-5D8C4D618AE3}.Release|Any CPU.ActiveCfg = Release|Any CPU
		{E3907523-329B-4E88-951C-5D8C4D618AE3}.Release|Any CPU.Build.0 = Release|Any CPU
		{5BD5BCCD-7812-47FB-860E-0D3FCD6056F7}.Debug|Any CPU.ActiveCfg = Debug|Any CPU
		{5BD5BCCD-7812-47FB-860E-0D3FCD6056F7}.Debug|Any CPU.Build.0 = Debug|Any CPU
		{5BD5BCCD-7812-47FB-860E-0D3FCD6056F7}.Release|Any CPU.ActiveCfg = Release|Any CPU
		{5BD5BCCD-7812-47FB-860E-0D3FCD6056F7}.Release|Any CPU.Build.0 = Release|Any CPU
		{E660455D-1882-4B38-89B0-149D2889FFEF}.Debug|Any CPU.ActiveCfg = Debug|Any CPU
		{E660455D-1882-4B38-89B0-149D2889FFEF}.Debug|Any CPU.Build.0 = Debug|Any CPU
		{E660455D-1882-4B38-89B0-149D2889FFEF}.Release|Any CPU.ActiveCfg = Release|Any CPU
		{E660455D-1882-4B38-89B0-149D2889FFEF}.Release|Any CPU.Build.0 = Release|Any CPU
		{305A9751-03F2-4381-B2EB-8D3608378A53}.Debug|Any CPU.ActiveCfg = Debug|Any CPU
		{305A9751-03F2-4381-B2EB-8D3608378A53}.Debug|Any CPU.Build.0 = Debug|Any CPU
		{305A9751-03F2-4381-B2EB-8D3608378A53}.Release|Any CPU.ActiveCfg = Release|Any CPU
		{305A9751-03F2-4381-B2EB-8D3608378A53}.Release|Any CPU.Build.0 = Release|Any CPU
		{636A02E3-166A-4EE5-B2FE-98E2E68050AD}.Debug|Any CPU.ActiveCfg = Debug|Any CPU
		{636A02E3-166A-4EE5-B2FE-98E2E68050AD}.Debug|Any CPU.Build.0 = Debug|Any CPU
		{636A02E3-166A-4EE5-B2FE-98E2E68050AD}.Release|Any CPU.ActiveCfg = Release|Any CPU
		{636A02E3-166A-4EE5-B2FE-98E2E68050AD}.Release|Any CPU.Build.0 = Release|Any CPU
		{812801BB-DC8B-4499-9FCA-DCC2CACE319C}.Debug|Any CPU.ActiveCfg = Debug|Any CPU
		{812801BB-DC8B-4499-9FCA-DCC2CACE319C}.Debug|Any CPU.Build.0 = Debug|Any CPU
		{812801BB-DC8B-4499-9FCA-DCC2CACE319C}.Release|Any CPU.ActiveCfg = Release|Any CPU
		{812801BB-DC8B-4499-9FCA-DCC2CACE319C}.Release|Any CPU.Build.0 = Release|Any CPU
		{E9201B19-EF71-43D3-83D5-95EB9FB09CEF}.Debug|Any CPU.ActiveCfg = Debug|Any CPU
		{E9201B19-EF71-43D3-83D5-95EB9FB09CEF}.Debug|Any CPU.Build.0 = Debug|Any CPU
		{E9201B19-EF71-43D3-83D5-95EB9FB09CEF}.Release|Any CPU.ActiveCfg = Release|Any CPU
		{E9201B19-EF71-43D3-83D5-95EB9FB09CEF}.Release|Any CPU.Build.0 = Release|Any CPU
		{C8390F37-0313-4DAF-A3C1-2626FC9F7683}.Debug|Any CPU.ActiveCfg = Debug|Any CPU
		{C8390F37-0313-4DAF-A3C1-2626FC9F7683}.Debug|Any CPU.Build.0 = Debug|Any CPU
		{C8390F37-0313-4DAF-A3C1-2626FC9F7683}.Release|Any CPU.ActiveCfg = Release|Any CPU
		{C8390F37-0313-4DAF-A3C1-2626FC9F7683}.Release|Any CPU.Build.0 = Release|Any CPU
		{F14DB68F-BA70-4AAA-9C3F-F4C47C89C88D}.Debug|Any CPU.ActiveCfg = Debug|Any CPU
		{F14DB68F-BA70-4AAA-9C3F-F4C47C89C88D}.Debug|Any CPU.Build.0 = Debug|Any CPU
		{F14DB68F-BA70-4AAA-9C3F-F4C47C89C88D}.Release|Any CPU.ActiveCfg = Release|Any CPU
		{F14DB68F-BA70-4AAA-9C3F-F4C47C89C88D}.Release|Any CPU.Build.0 = Release|Any CPU
		{B73811FD-DB03-45A9-9916-82D7C4585692}.Debug|Any CPU.ActiveCfg = Debug|Any CPU
		{B73811FD-DB03-45A9-9916-82D7C4585692}.Debug|Any CPU.Build.0 = Debug|Any CPU
		{B73811FD-DB03-45A9-9916-82D7C4585692}.Release|Any CPU.ActiveCfg = Release|Any CPU
		{B73811FD-DB03-45A9-9916-82D7C4585692}.Release|Any CPU.Build.0 = Release|Any CPU
		{73B6561A-4ECE-4CD2-AC92-FD747A69E076}.Debug|Any CPU.ActiveCfg = Debug|Any CPU
		{73B6561A-4ECE-4CD2-AC92-FD747A69E076}.Debug|Any CPU.Build.0 = Debug|Any CPU
		{73B6561A-4ECE-4CD2-AC92-FD747A69E076}.Release|Any CPU.ActiveCfg = Release|Any CPU
		{73B6561A-4ECE-4CD2-AC92-FD747A69E076}.Release|Any CPU.Build.0 = Release|Any CPU
		{ED4EAEC6-C84A-46BA-87CA-5C0BC0BCF634}.Debug|Any CPU.ActiveCfg = Debug|Any CPU
		{ED4EAEC6-C84A-46BA-87CA-5C0BC0BCF634}.Debug|Any CPU.Build.0 = Debug|Any CPU
		{ED4EAEC6-C84A-46BA-87CA-5C0BC0BCF634}.Release|Any CPU.ActiveCfg = Release|Any CPU
		{ED4EAEC6-C84A-46BA-87CA-5C0BC0BCF634}.Release|Any CPU.Build.0 = Release|Any CPU
		{FE51C42E-8698-4EA3-B522-5E959A17BCF1}.Debug|Any CPU.ActiveCfg = Debug|Any CPU
		{FE51C42E-8698-4EA3-B522-5E959A17BCF1}.Debug|Any CPU.Build.0 = Debug|Any CPU
		{FE51C42E-8698-4EA3-B522-5E959A17BCF1}.Release|Any CPU.ActiveCfg = Release|Any CPU
		{FE51C42E-8698-4EA3-B522-5E959A17BCF1}.Release|Any CPU.Build.0 = Release|Any CPU
		{3EA200CC-4E50-43D8-8691-F2F0BD4C6D11}.Debug|Any CPU.ActiveCfg = Debug|Any CPU
		{3EA200CC-4E50-43D8-8691-F2F0BD4C6D11}.Debug|Any CPU.Build.0 = Debug|Any CPU
		{3EA200CC-4E50-43D8-8691-F2F0BD4C6D11}.Release|Any CPU.ActiveCfg = Release|Any CPU
		{3EA200CC-4E50-43D8-8691-F2F0BD4C6D11}.Release|Any CPU.Build.0 = Release|Any CPU
		{6DC6F485-FB38-4DCC-A600-ACED6F6D715D}.Debug|Any CPU.ActiveCfg = Debug|Any CPU
		{6DC6F485-FB38-4DCC-A600-ACED6F6D715D}.Debug|Any CPU.Build.0 = Debug|Any CPU
		{6DC6F485-FB38-4DCC-A600-ACED6F6D715D}.Release|Any CPU.ActiveCfg = Release|Any CPU
		{6DC6F485-FB38-4DCC-A600-ACED6F6D715D}.Release|Any CPU.Build.0 = Release|Any CPU
	EndGlobalSection
	GlobalSection(SolutionProperties) = preSolution
		HideSolutionNode = FALSE
	EndGlobalSection
	GlobalSection(ExtensibilityGlobals) = postSolution
		SolutionGuid = {0EFD548D-18D7-41DE-9FD8-7469E1D25C28}
	EndGlobalSection
EndGlobal
